
Microsoft Visual Studio Solution File, Format Version 12.00
# Visual Studio Version 17
VisualStudioVersion = 17.9.34607.119
MinimumVisualStudioVersion = 10.0.40219.1
Project("{FAE04EC0-301F-11D3-BF4B-00C04F79EFBC}") = "Clase fecha16-03", "Clase fecha16-03\Clase fecha16-03.csproj", "{2EE3DB48-891B-4E19-910E-A198A070D92F}"
EndProject
Global
	GlobalSection(SolutionConfigurationPlatforms) = preSolution
		Debug|Any CPU = Debug|Any CPU
		Release|Any CPU = Release|Any CPU
	EndGlobalSection
	GlobalSection(ProjectConfigurationPlatforms) = postSolution
		{2EE3DB48-891B-4E19-910E-A198A070D92F}.Debug|Any CPU.ActiveCfg = Debug|Any CPU
		{2EE3DB48-891B-4E19-910E-A198A070D92F}.Debug|Any CPU.Build.0 = Debug|Any CPU
		{2EE3DB48-891B-4E19-910E-A198A070D92F}.Release|Any CPU.ActiveCfg = Release|Any CPU
		{2EE3DB48-891B-4E19-910E-A198A070D92F}.Release|Any CPU.Build.0 = Release|Any CPU
	EndGlobalSection
	GlobalSection(SolutionProperties) = preSolution
		HideSolutionNode = FALSE
	EndGlobalSection
	GlobalSection(ExtensibilityGlobals) = postSolution
		SolutionGuid = {560C4C9C-0553-4916-8234-BEB49CA901C7}
	EndGlobalSection
EndGlobal
